
Microsoft Visual Studio Solution File, Format Version 12.00
# Visual Studio Version 17
VisualStudioVersion = 17.9.34728.123
MinimumVisualStudioVersion = 10.0.40219.1
Project("{9A19103F-16F7-4668-BE54-9A1E7A4F7556}") = "BEBourbonCollective.Tests", "BEBourbonCollective.Tests\BEBourbonCollective.Tests.csproj", "{AA8DFD80-497A-4A89-B9C7-F7A7B5237CAE}"
EndProject
Project("{9A19103F-16F7-4668-BE54-9A1E7A4F7556}") = "BEBourbonCollective", "BEBourbonCollective\BEBourbonCollective.csproj", "{D11C58BD-8599-47B4-8EC9-82451E542AF2}"
EndProject
Global
	GlobalSection(SolutionConfigurationPlatforms) = preSolution
		Debug|Any CPU = Debug|Any CPU
		Release|Any CPU = Release|Any CPU
	EndGlobalSection
	GlobalSection(ProjectConfigurationPlatforms) = postSolution
		{AA8DFD80-497A-4A89-B9C7-F7A7B5237CAE}.Debug|Any CPU.ActiveCfg = Debug|Any CPU
		{AA8DFD80-497A-4A89-B9C7-F7A7B5237CAE}.Debug|Any CPU.Build.0 = Debug|Any CPU
		{AA8DFD80-497A-4A89-B9C7-F7A7B5237CAE}.Release|Any CPU.ActiveCfg = Release|Any CPU
		{AA8DFD80-497A-4A89-B9C7-F7A7B5237CAE}.Release|Any CPU.Build.0 = Release|Any CPU
		{D11C58BD-8599-47B4-8EC9-82451E542AF2}.Debug|Any CPU.ActiveCfg = Debug|Any CPU
		{D11C58BD-8599-47B4-8EC9-82451E542AF2}.Debug|Any CPU.Build.0 = Debug|Any CPU
		{D11C58BD-8599-47B4-8EC9-82451E542AF2}.Release|Any CPU.ActiveCfg = Release|Any CPU
		{D11C58BD-8599-47B4-8EC9-82451E542AF2}.Release|Any CPU.Build.0 = Release|Any CPU
	EndGlobalSection
	GlobalSection(SolutionProperties) = preSolution
		HideSolutionNode = FALSE
	EndGlobalSection
	GlobalSection(ExtensibilityGlobals) = postSolution
		SolutionGuid = {75F775D5-0F33-4243-91AA-455759DBACA8}
	EndGlobalSection
EndGlobal
